
Microsoft Visual Studio Solution File, Format Version 12.00
# Visual Studio Version 17
VisualStudioVersion = 17.2.32526.322
MinimumVisualStudioVersion = 10.0.40219.1
Project("{9A19103F-16F7-4668-BE54-9A1E7A4F7556}") = "DIO_BANK", "DIO_BANK\DIO_BANK.csproj", "{A56DB9C5-49D5-4364-9681-1206986EF123}"
EndProject
Project("{FAE04EC0-301F-11D3-BF4B-00C04F79EFBC}") = "DIO_BANK_CLASSES", "DIO_BANK_Conta\DIO_BANK_CLASSES.csproj", "{681E0844-D519-44B6-98E2-C8414C6510F4}"
EndProject
Project("{FAE04EC0-301F-11D3-BF4B-00C04F79EFBC}") = "DIO_BANK_ENUM", "ENUM\DIO_BANK_ENUM.csproj", "{1C4B705A-DB1A-4B04-AC5F-158A794D54F1}"
EndProject
Global
	GlobalSection(SolutionConfigurationPlatforms) = preSolution
		Debug|Any CPU = Debug|Any CPU
		Release|Any CPU = Release|Any CPU
	EndGlobalSection
	GlobalSection(ProjectConfigurationPlatforms) = postSolution
		{A56DB9C5-49D5-4364-9681-1206986EF123}.Debug|Any CPU.ActiveCfg = Debug|Any CPU
		{A56DB9C5-49D5-4364-9681-1206986EF123}.Debug|Any CPU.Build.0 = Debug|Any CPU
		{A56DB9C5-49D5-4364-9681-1206986EF123}.Release|Any CPU.ActiveCfg = Release|Any CPU
		{A56DB9C5-49D5-4364-9681-1206986EF123}.Release|Any CPU.Build.0 = Release|Any CPU
		{681E0844-D519-44B6-98E2-C8414C6510F4}.Debug|Any CPU.ActiveCfg = Debug|Any CPU
		{681E0844-D519-44B6-98E2-C8414C6510F4}.Debug|Any CPU.Build.0 = Debug|Any CPU
		{681E0844-D519-44B6-98E2-C8414C6510F4}.Release|Any CPU.ActiveCfg = Release|Any CPU
		{681E0844-D519-44B6-98E2-C8414C6510F4}.Release|Any CPU.Build.0 = Release|Any CPU
		{1C4B705A-DB1A-4B04-AC5F-158A794D54F1}.Debug|Any CPU.ActiveCfg = Debug|Any CPU
		{1C4B705A-DB1A-4B04-AC5F-158A794D54F1}.Debug|Any CPU.Build.0 = Debug|Any CPU
		{1C4B705A-DB1A-4B04-AC5F-158A794D54F1}.Release|Any CPU.ActiveCfg = Release|Any CPU
		{1C4B705A-DB1A-4B04-AC5F-158A794D54F1}.Release|Any CPU.Build.0 = Release|Any CPU
	EndGlobalSection
	GlobalSection(SolutionProperties) = preSolution
		HideSolutionNode = FALSE
	EndGlobalSection
	GlobalSection(ExtensibilityGlobals) = postSolution
		SolutionGuid = {2F7F0118-4B9E-4066-AA82-8B043FF1A8C2}
	EndGlobalSection
EndGlobal
