
Microsoft Visual Studio Solution File, Format Version 12.00
# Visual Studio Version 17
VisualStudioVersion = 17.2.32526.322
MinimumVisualStudioVersion = 10.0.40219.1
Project("{9A19103F-16F7-4668-BE54-9A1E7A4F7556}") = "DESAFIO1", "DESAFIO1\DESAFIO1.csproj", "{5148CB45-CBEE-4EFA-ACA5-E9E088FCCFB9}"
EndProject
Project("{2150E333-8FDC-42A3-9474-1A3956D46DE8}") = "Solution Items", "Solution Items", "{27C7E796-54EC-4D0C-9AF5-30191A55D014}"
EndProject
Global
	GlobalSection(SolutionConfigurationPlatforms) = preSolution
		Debug|Any CPU = Debug|Any CPU
		Release|Any CPU = Release|Any CPU
	EndGlobalSection
	GlobalSection(ProjectConfigurationPlatforms) = postSolution
		{5148CB45-CBEE-4EFA-ACA5-E9E088FCCFB9}.Debug|Any CPU.ActiveCfg = Debug|Any CPU
		{5148CB45-CBEE-4EFA-ACA5-E9E088FCCFB9}.Debug|Any CPU.Build.0 = Debug|Any CPU
		{5148CB45-CBEE-4EFA-ACA5-E9E088FCCFB9}.Release|Any CPU.ActiveCfg = Release|Any CPU
		{5148CB45-CBEE-4EFA-ACA5-E9E088FCCFB9}.Release|Any CPU.Build.0 = Release|Any CPU
	EndGlobalSection
	GlobalSection(SolutionProperties) = preSolution
		HideSolutionNode = FALSE
	EndGlobalSection
	GlobalSection(ExtensibilityGlobals) = postSolution
		SolutionGuid = {FAE5CDDC-FDC5-4165-85C8-73C21AA06747}
	EndGlobalSection
EndGlobal
